<?xml version="1.0" encoding="utf-8"?>
<Project ToolsVersion="4.0" xmlns="http://schemas.microsoft.com/developer/msbuild/2003">
  <ItemGroup>
    <Filter Include="Source Files">
      <UniqueIdentifier>{4FC737F1-C7A5-4376-A066-2A32D752A2FF}</UniqueIdentifier>
      <Extensions>cpp;c;cc;cxx;c++;cppm;ixx;def;odl;idl;hpj;bat;asm;asmx</Extensions>
    </Filter>
    <Filter Include="Header Files">
      <UniqueIdentifier>{93995380-89BD-4b04-88EB-625FBE52EBFB}</UniqueIdentifier>
      <Extensions>h;hh;hpp;hxx;h++;hm;inl;inc;ipp;xsd</Extensions>
    </Filter>
    <Filter Include="Resource Files">
      <UniqueIdentifier>{67DA6AB6-F800-4c08-8B7A-83BB121AAD01}</UniqueIdentifier>
      <Extensions>rc;ico;cur;bmp;dlg;rc2;rct;bin;rgs;gif;jpg;jpeg;jpe;resx;tiff;tif;png;wav;mfcribbon-ms</Extensions>
    </Filter>
    <Filter Include="States">
      <UniqueIdentifier>{72fb6bf7-7f11-479c-bd74-e6bf2ac2b93a}</UniqueIdentifier>
    </Filter>
    <Filter Include="Widget">
      <UniqueIdentifier>{44fc7cba-c5b3-45ba-92ff-950a75a2333b}</UniqueIdentifier>
    </Filter>
    <Filter Include="Component">
      <UniqueIdentifier>{147fbef1-4828-416c-8c45-804e68aee50d}</UniqueIdentifier>
    </Filter>
    <Filter Include="Enitity">
      <UniqueIdentifier>{85c4fc22-e32d-49df-b6e7-e6cb99b5d31b}</UniqueIdentifier>
    </Filter>
    <Filter Include="Enitity\Type">
      <UniqueIdentifier>{c21c5e47-6005-450b-81cd-70530a81e2e6}</UniqueIdentifier>
    </Filter>
    <Filter Include="GameEngine">
      <UniqueIdentifier>{56b5bd93-e6e0-439e-9ed9-41661a1bc680}</UniqueIdentifier>
    </Filter>
    <Filter Include="Map">
      <UniqueIdentifier>{99f2a13f-4b21-4afc-9daf-65481db44d2d}</UniqueIdentifier>
    </Filter>
    <Filter Include="Enitity\Type\Plane">
      <UniqueIdentifier>{706b8e3d-2108-4321-8b4c-998fd9503233}</UniqueIdentifier>
    </Filter>
    <Filter Include="Level">
      <UniqueIdentifier>{06c7d368-b11d-4b42-88d7-06715c09d5c3}</UniqueIdentifier>
    </Filter>
    <Filter Include="Level\AnimScence">
      <UniqueIdentifier>{8ff0a357-bff1-407b-aec6-3bef79deafe7}</UniqueIdentifier>
    </Filter>
    <Filter Include="Enitity\Projectile">
      <UniqueIdentifier>{aaa18294-1367-47d8-a855-16609b6e1938}</UniqueIdentifier>
    </Filter>
  </ItemGroup>
  <ItemGroup>
    <ClCompile Include="main.cpp">
      <Filter>Source Files</Filter>
    </ClCompile>
    <ClCompile Include="GameState.cpp">
      <Filter>States</Filter>
    </ClCompile>
    <ClCompile Include="MainMenuState.cpp">
      <Filter>States</Filter>
    </ClCompile>
    <ClCompile Include="State.cpp">
      <Filter>States</Filter>
    </ClCompile>
    <ClCompile Include="Button.cpp">
      <Filter>Widget</Filter>
    </ClCompile>
    <ClCompile Include="Text.cpp">
      <Filter>Widget</Filter>
    </ClCompile>
    <ClCompile Include="HitBoxComponent.cpp">
      <Filter>Component</Filter>
    </ClCompile>
    <ClCompile Include="MoveComponent.cpp">
      <Filter>Component</Filter>
    </ClCompile>
    <ClCompile Include="Entity.cpp">
      <Filter>Enitity</Filter>
    </ClCompile>
    <ClCompile Include="GameEngine.cpp">
      <Filter>GameEngine</Filter>
    </ClCompile>
    <ClCompile Include="Timer.cpp">
      <Filter>GameEngine</Filter>
    </ClCompile>
    <ClCompile Include="Map.cpp">
      <Filter>Map</Filter>
    </ClCompile>
    <ClCompile Include="Map1.cpp">
      <Filter>Map</Filter>
    </ClCompile>
    <ClCompile Include="F15.cpp">
      <Filter>Enitity\Type\Plane</Filter>
    </ClCompile>
    <ClCompile Include="Helicopter.cpp">
      <Filter>Enitity\Type\Plane</Filter>
    </ClCompile>
    <ClCompile Include="Mig29.cpp">
      <Filter>Enitity\Type\Plane</Filter>
    </ClCompile>
    <ClCompile Include="Plane.cpp">
      <Filter>Enitity\Type</Filter>
    </ClCompile>
    <ClCompile Include="HealthComponent.cpp">
      <Filter>Component</Filter>
    </ClCompile>
    <ClCompile Include="Level.cpp">
      <Filter>Level</Filter>
    </ClCompile>
    <ClCompile Include="Level1.cpp">
      <Filter>Level</Filter>
    </ClCompile>
    <ClCompile Include="Level2.cpp">
      <Filter>Level</Filter>
    </ClCompile>
    <ClCompile Include="AirportMap.cpp">
      <Filter>Map</Filter>
    </ClCompile>
    <ClCompile Include="AnimScene.cpp">
      <Filter>Level\AnimScence</Filter>
    </ClCompile>
    <ClCompile Include="AnimScene1.cpp">
      <Filter>Level\AnimScence</Filter>
    </ClCompile>
    <ClCompile Include="AnimScene2.cpp">
      <Filter>Level\AnimScence</Filter>
    </ClCompile>
    <ClCompile Include="Projectile.cpp">
      <Filter>Enitity\Projectile</Filter>
    </ClCompile>
    <ClCompile Include="Explotion.cpp">
      <Filter>Enitity\Projectile</Filter>
    </ClCompile>
    <ClCompile Include="ReloadSystem.cpp">
      <Filter>Enitity\Projectile</Filter>
    </ClCompile>
    <ClCompile Include="Level3.cpp">
      <Filter>Level</Filter>
    </ClCompile>
    <ClCompile Include="Level4.cpp">
      <Filter>Level</Filter>
    </ClCompile>
    <ClCompile Include="AnimScene5.cpp">
      <Filter>Level\AnimScence</Filter>
    </ClCompile>
    <ClCompile Include="AnimScene3.cpp">
      <Filter>Level\AnimScence</Filter>
    </ClCompile>
    <ClCompile Include="AnimScene4.cpp">
      <Filter>Level\AnimScence</Filter>
    </ClCompile>
    <ClCompile Include="Map3.cpp">
      <Filter>Map</Filter>
    </ClCompile>
    <ClCompile Include="Bomb.cpp">
      <Filter>Enitity\Projectile</Filter>
    </ClCompile>
    <ClCompile Include="Target.cpp">
      <Filter>Enitity\Type</Filter>
    </ClCompile>
    <ClCompile Include="VictoryScreenState.cpp">
      <Filter>States</Filter>
    </ClCompile>
    <ClCompile Include="DieScreenState.cpp">
      <Filter>States</Filter>
    </ClCompile>
  </ItemGroup>
  <ItemGroup>
    <ClInclude Include="State.h">
      <Filter>States</Filter>
    </ClInclude>
    <ClInclude Include="GameState.h">
      <Filter>States</Filter>
    </ClInclude>
    <ClInclude Include="MainMenuState.h">
      <Filter>States</Filter>
    </ClInclude>
    <ClInclude Include="Text.h">
      <Filter>Widget</Filter>
    </ClInclude>
    <ClInclude Include="Button.h">
      <Filter>Widget</Filter>
    </ClInclude>
    <ClInclude Include="HitBoxComponent.h">
      <Filter>Component</Filter>
    </ClInclude>
    <ClInclude Include="MoveComponent.h">
      <Filter>Component</Filter>
    </ClInclude>
    <ClInclude Include="Entity.h">
      <Filter>Enitity</Filter>
    </ClInclude>
    <ClInclude Include="GameEngine.h">
      <Filter>GameEngine</Filter>
    </ClInclude>
    <ClInclude Include="Timer.h">
      <Filter>GameEngine</Filter>
    </ClInclude>
    <ClInclude Include="Map1.h">
      <Filter>Map</Filter>
    </ClInclude>
    <ClInclude Include="Map.h">
      <Filter>Map</Filter>
    </ClInclude>
    <ClInclude Include="F15.h">
      <Filter>Enitity\Type\Plane</Filter>
    </ClInclude>
    <ClInclude Include="Helicopter.h">
      <Filter>Enitity\Type\Plane</Filter>
    </ClInclude>
    <ClInclude Include="Mig29.h">
      <Filter>Enitity\Type\Plane</Filter>
    </ClInclude>
    <ClInclude Include="Plane.h">
      <Filter>Enitity\Type</Filter>
    </ClInclude>
    <ClInclude Include="HealthComponent.h">
      <Filter>Component</Filter>
    </ClInclude>
    <ClInclude Include="Level.h">
      <Filter>Level</Filter>
    </ClInclude>
    <ClInclude Include="Level1.h">
      <Filter>Level</Filter>
    </ClInclude>
    <ClInclude Include="Level2.h">
      <Filter>Level</Filter>
    </ClInclude>
    <ClInclude Include="AirportMap.h">
      <Filter>Map</Filter>
    </ClInclude>
    <ClInclude Include="AnimScene.h">
      <Filter>Level\AnimScence</Filter>
    </ClInclude>
    <ClInclude Include="AnimScene1.h">
      <Filter>Level\AnimScence</Filter>
    </ClInclude>
    <ClInclude Include="AnimScene2.h">
      <Filter>Level\AnimScence</Filter>
    </ClInclude>
    <ClInclude Include="Projectile.h">
      <Filter>Enitity\Projectile</Filter>
    </ClInclude>
    <ClInclude Include="Explotion.h">
      <Filter>Enitity\Projectile</Filter>
    </ClInclude>
    <ClInclude Include="ReloadSystem.h">
      <Filter>Enitity\Projectile</Filter>
    </ClInclude>
    <ClInclude Include="Level3.h">
      <Filter>Level</Filter>
    </ClInclude>
    <ClInclude Include="Level4.h">
      <Filter>Level</Filter>
    </ClInclude>
    <ClInclude Include="AnimScene5.h">
      <Filter>Level\AnimScence</Filter>
    </ClInclude>
    <ClInclude Include="AnimScene4.h">
      <Filter>Level\AnimScence</Filter>
    </ClInclude>
    <ClInclude Include="AnimScene3.h">
      <Filter>Level\AnimScence</Filter>
    </ClInclude>
    <ClInclude Include="Map3.h">
      <Filter>Map</Filter>
    </ClInclude>
    <ClInclude Include="Bomb.h">
      <Filter>Enitity\Projectile</Filter>
    </ClInclude>
    <ClInclude Include="Target.h">
      <Filter>Enitity\Type</Filter>
    </ClInclude>
    <ClInclude Include="DieScreenState.h">
      <Filter>States</Filter>
    </ClInclude>
    <ClInclude Include="VictoryScreenState.h">
      <Filter>States</Filter>
    </ClInclude>
  </ItemGroup>
</Project>