<?xml version="1.0" encoding="utf-8"?>
<Project ToolsVersion="4.0" xmlns="http://schemas.microsoft.com/developer/msbuild/2003">
  <ItemGroup>
    <Filter Include="Source Files">
      <UniqueIdentifier>{4FC737F1-C7A5-4376-A066-2A32D752A2FF}</UniqueIdentifier>
      <Extensions>cpp;c;cc;cxx;c++;cppm;ixx;def;odl;idl;hpj;bat;asm;asmx</Extensions>
    </Filter>
    <Filter Include="Header Files">
      <UniqueIdentifier>{93995380-89BD-4b04-88EB-625FBE52EBFB}</UniqueIdentifier>
      <Extensions>h;hh;hpp;hxx;h++;hm;inl;inc;ipp;xsd</Extensions>
    </Filter>
    <Filter Include="Resource Files">
      <UniqueIdentifier>{67DA6AB6-F800-4c08-8B7A-83BB121AAD01}</UniqueIdentifier>
      <Extensions>rc;ico;cur;bmp;dlg;rc2;rct;bin;rgs;gif;jpg;jpeg;jpe;resx;tiff;tif;png;wav;mfcribbon-ms</Extensions>
    </Filter>
    <Filter Include="States">
      <UniqueIdentifier>{72fb6bf7-7f11-479c-bd74-e6bf2ac2b93a}</UniqueIdentifier>
    </Filter>
    <Filter Include="Widget">
      <UniqueIdentifier>{44fc7cba-c5b3-45ba-92ff-950a75a2333b}</UniqueIdentifier>
    </Filter>
    <Filter Include="Component">
      <UniqueIdentifier>{147fbef1-4828-416c-8c45-804e68aee50d}</UniqueIdentifier>
    </Filter>
    <Filter Include="Enitity">
      <UniqueIdentifier>{85c4fc22-e32d-49df-b6e7-e6cb99b5d31b}</UniqueIdentifier>
    </Filter>
    <Filter Include="Enitity\Type">
      <UniqueIdentifier>{c21c5e47-6005-450b-81cd-70530a81e2e6}</UniqueIdentifier>
    </Filter>
    <Filter Include="GameEngine">
      <UniqueIdentifier>{56b5bd93-e6e0-439e-9ed9-41661a1bc680}</UniqueIdentifier>
    </Filter>
  </ItemGroup>
  <ItemGroup>
    <ClCompile Include="main.cpp">
      <Filter>Source Files</Filter>
    </ClCompile>
    <ClCompile Include="GameState.cpp">
      <Filter>States</Filter>
    </ClCompile>
    <ClCompile Include="MainMenuState.cpp">
      <Filter>States</Filter>
    </ClCompile>
    <ClCompile Include="State.cpp">
      <Filter>States</Filter>
    </ClCompile>
    <ClCompile Include="Button.cpp">
      <Filter>Widget</Filter>
    </ClCompile>
    <ClCompile Include="Text.cpp">
      <Filter>Widget</Filter>
    </ClCompile>
    <ClCompile Include="HitBoxComponent.cpp">
      <Filter>Component</Filter>
    </ClCompile>
    <ClCompile Include="MoveComponent.cpp">
      <Filter>Component</Filter>
    </ClCompile>
    <ClCompile Include="Entity.cpp">
      <Filter>Enitity</Filter>
    </ClCompile>
    <ClCompile Include="Projectile.cpp">
      <Filter>Enitity\Type</Filter>
    </ClCompile>
    <ClCompile Include="GameEngine.cpp">
      <Filter>GameEngine</Filter>
    </ClCompile>
    <ClCompile Include="Timer.cpp">
      <Filter>GameEngine</Filter>
    </ClCompile>
    <ClCompile Include="F15.cpp">
      <Filter>Enitity\Type</Filter>
    </ClCompile>
    <ClCompile Include="EngineComponent.cpp">
      <Filter>Component</Filter>
    </ClCompile>
  </ItemGroup>
  <ItemGroup>
    <ClInclude Include="State.h">
      <Filter>States</Filter>
    </ClInclude>
    <ClInclude Include="GameState.h">
      <Filter>States</Filter>
    </ClInclude>
    <ClInclude Include="MainMenuState.h">
      <Filter>States</Filter>
    </ClInclude>
    <ClInclude Include="Text.h">
      <Filter>Widget</Filter>
    </ClInclude>
    <ClInclude Include="Button.h">
      <Filter>Widget</Filter>
    </ClInclude>
    <ClInclude Include="HitBoxComponent.h">
      <Filter>Component</Filter>
    </ClInclude>
    <ClInclude Include="MoveComponent.h">
      <Filter>Component</Filter>
    </ClInclude>
    <ClInclude Include="Entity.h">
      <Filter>Enitity</Filter>
    </ClInclude>
    <ClInclude Include="Projectile.h">
      <Filter>Enitity\Type</Filter>
    </ClInclude>
    <ClInclude Include="GameEngine.h">
      <Filter>GameEngine</Filter>
    </ClInclude>
    <ClInclude Include="Timer.h">
      <Filter>GameEngine</Filter>
    </ClInclude>
    <ClInclude Include="F15.h">
      <Filter>Enitity\Type</Filter>
    </ClInclude>
    <ClInclude Include="EngineComponent.h">
      <Filter>Component</Filter>
    </ClInclude>
  </ItemGroup>
</Project>